Microsoft Visual Studio Solution File, Format Version 12.00
# Visual Studio Version 17
VisualStudioVersion = 17.5.2.0
MinimumVisualStudioVersion = 10.0.40219.1
Project("{2150E333-8FDC-42A3-9474-1A3956D46DE8}") = "lunavoxel", "lunavoxel", "{BBD78D4A-9A7A-625B-4633-D46E3324219E}"
EndProject
Project("{FAE04EC0-301F-11D3-BF4B-00C04F79EFBC}") = "StdbModule", "lunavoxel\server\StdbModule.csproj", "{2C96A01C-5FB1-7314-3110-05D50517F82A}"
EndProject
Project("{FAE04EC0-301F-11D3-BF4B-00C04F79EFBC}") = "test", "lunavoxel\test\test.csproj", "{53A745B8-2C4F-4606-8B95-972B87BBBD49}"
EndProject
Global
	GlobalSection(SolutionConfigurationPlatforms) = preSolution
		Debug|Any CPU = Debug|Any CPU
		Release|Any CPU = Release|Any CPU
	EndGlobalSection
	GlobalSection(ProjectConfigurationPlatforms) = postSolution
		{2C96A01C-5FB1-7314-3110-05D50517F82A}.Debug|Any CPU.ActiveCfg = Debug|Any CPU
		{2C96A01C-5FB1-7314-3110-05D50517F82A}.Debug|Any CPU.Build.0 = Debug|Any CPU
		{2C96A01C-5FB1-7314-3110-05D50517F82A}.Release|Any CPU.ActiveCfg = Release|Any CPU
		{2C96A01C-5FB1-7314-3110-05D50517F82A}.Release|Any CPU.Build.0 = Release|Any CPU
		{53A745B8-2C4F-4606-8B95-972B87BBBD49}.Debug|Any CPU.ActiveCfg = Debug|Any CPU
		{53A745B8-2C4F-4606-8B95-972B87BBBD49}.Debug|Any CPU.Build.0 = Debug|Any CPU
		{53A745B8-2C4F-4606-8B95-972B87BBBD49}.Release|Any CPU.ActiveCfg = Release|Any CPU
		{53A745B8-2C4F-4606-8B95-972B87BBBD49}.Release|Any CPU.Build.0 = Release|Any CPU
	EndGlobalSection
	GlobalSection(SolutionProperties) = preSolution
		HideSolutionNode = FALSE
	EndGlobalSection
	GlobalSection(NestedProjects) = preSolution
		{2C96A01C-5FB1-7314-3110-05D50517F82A} = {BBD78D4A-9A7A-625B-4633-D46E3324219E}
		{53A745B8-2C4F-4606-8B95-972B87BBBD49} = {BBD78D4A-9A7A-625B-4633-D46E3324219E}
	EndGlobalSection
	GlobalSection(ExtensibilityGlobals) = postSolution
		SolutionGuid = {2133D965-BAED-457B-9243-15C1F2769DDC}
	EndGlobalSection
EndGlobal
